
Microsoft Visual Studio Solution File, Format Version 10.00
# Visual Studio 2008
Project("{901F95BB-0EF7-4A93-94B5-A8655FA8CA96}") = "AM335x_OS", "AM335x_OS\AM335x_OS.pbxml", "{2ECF3502-FC68-4B51-8C75-DCA0975ED95C}"
EndProject
Global
	GlobalSection(SolutionConfigurationPlatforms) = preSolution
		AM335X_BSP_AriaBoard ARMV7 Checked|Platform Builder (_TGTCPU) = AM335X_BSP_AriaBoard ARMV7 Checked|Platform Builder (_TGTCPU)
		AM335X_BSP_AriaBoard ARMV7 Debug|Platform Builder (_TGTCPU) = AM335X_BSP_AriaBoard ARMV7 Debug|Platform Builder (_TGTCPU)
		AM335X_BSP_AriaBoard ARMV7 Release|Platform Builder (_TGTCPU) = AM335X_BSP_AriaBoard ARMV7 Release|Platform Builder (_TGTCPU)
	EndGlobalSection
	GlobalSection(ProjectConfigurationPlatforms) = postSolution
		{2ECF3502-FC68-4B51-8C75-DCA0975ED95C}.AM335X_BSP_AriaBoard ARMV7 Checked|Platform Builder (_TGTCPU).ActiveCfg = AM335X_BSP_AriaBoard ARMV7 Checked|Platform Builder (_TGTCPU)
		{2ECF3502-FC68-4B51-8C75-DCA0975ED95C}.AM335X_BSP_AriaBoard ARMV7 Checked|Platform Builder (_TGTCPU).Build.0 = AM335X_BSP_AriaBoard ARMV7 Checked|Platform Builder (_TGTCPU)
		{2ECF3502-FC68-4B51-8C75-DCA0975ED95C}.AM335X_BSP_AriaBoard ARMV7 Debug|Platform Builder (_TGTCPU).ActiveCfg = AM335X_BSP_AriaBoard ARMV7 Debug|Platform Builder (_TGTCPU)
		{2ECF3502-FC68-4B51-8C75-DCA0975ED95C}.AM335X_BSP_AriaBoard ARMV7 Debug|Platform Builder (_TGTCPU).Build.0 = AM335X_BSP_AriaBoard ARMV7 Debug|Platform Builder (_TGTCPU)
		{2ECF3502-FC68-4B51-8C75-DCA0975ED95C}.AM335X_BSP_AriaBoard ARMV7 Release|Platform Builder (_TGTCPU).ActiveCfg = AM335X_BSP_AriaBoard ARMV7 Release|Platform Builder (_TGTCPU)
		{2ECF3502-FC68-4B51-8C75-DCA0975ED95C}.AM335X_BSP_AriaBoard ARMV7 Release|Platform Builder (_TGTCPU).Build.0 = AM335X_BSP_AriaBoard ARMV7 Release|Platform Builder (_TGTCPU)
	EndGlobalSection
	GlobalSection(SolutionProperties) = preSolution
		HideSolutionNode = FALSE
	EndGlobalSection
EndGlobal
